
Microsoft Visual Studio Solution File, Format Version 12.00
Project("{FAE04EC0-301F-11D3-BF4B-00C04F79EFBC}") = "Game.Web", "Game.Web\Game.Web.csproj", "{3B6F95CE-DE36-407A-84A5-B6E1531E7B73}"
EndProject
Project("{2150E333-8FDC-42A3-9474-1A3956D46DE8}") = "IdentityModule", "IdentityModule", "{9351A4EA-4593-4291-A559-D1FE371306F5}"
EndProject
Project("{FAE04EC0-301F-11D3-BF4B-00C04F79EFBC}") = "Game.Users", "Game.Users\Game.Users.csproj", "{676950C0-B5D7-461B-9F77-DE10F4FD6523}"
EndProject
Global
	GlobalSection(SolutionConfigurationPlatforms) = preSolution
		Debug|Any CPU = Debug|Any CPU
		Release|Any CPU = Release|Any CPU
	EndGlobalSection
	GlobalSection(ProjectConfigurationPlatforms) = postSolution
		{3B6F95CE-DE36-407A-84A5-B6E1531E7B73}.Debug|Any CPU.ActiveCfg = Debug|Any CPU
		{3B6F95CE-DE36-407A-84A5-B6E1531E7B73}.Debug|Any CPU.Build.0 = Debug|Any CPU
		{3B6F95CE-DE36-407A-84A5-B6E1531E7B73}.Release|Any CPU.ActiveCfg = Release|Any CPU
		{3B6F95CE-DE36-407A-84A5-B6E1531E7B73}.Release|Any CPU.Build.0 = Release|Any CPU
		{676950C0-B5D7-461B-9F77-DE10F4FD6523}.Debug|Any CPU.ActiveCfg = Debug|Any CPU
		{676950C0-B5D7-461B-9F77-DE10F4FD6523}.Debug|Any CPU.Build.0 = Debug|Any CPU
		{676950C0-B5D7-461B-9F77-DE10F4FD6523}.Release|Any CPU.ActiveCfg = Release|Any CPU
		{676950C0-B5D7-461B-9F77-DE10F4FD6523}.Release|Any CPU.Build.0 = Release|Any CPU
	EndGlobalSection
	GlobalSection(NestedProjects) = preSolution
		{676950C0-B5D7-461B-9F77-DE10F4FD6523} = {9351A4EA-4593-4291-A559-D1FE371306F5}
	EndGlobalSection
EndGlobal
