
Microsoft Visual Studio Solution File, Format Version 12.00
Project("{FAE04EC0-301F-11D3-BF4B-00C04F79EFBC}") = "Game.Web", "Game.Web\Game.Web.csproj", "{3B6F95CE-DE36-407A-84A5-B6E1531E7B73}"
EndProject
Project("{2150E333-8FDC-42A3-9474-1A3956D46DE8}") = "IdentityModule", "IdentityModule", "{9351A4EA-4593-4291-A559-D1FE371306F5}"
EndProject
Project("{FAE04EC0-301F-11D3-BF4B-00C04F79EFBC}") = "Game.Users", "Game.Users\Game.Users.csproj", "{676950C0-B5D7-461B-9F77-DE10F4FD6523}"
EndProject
Project("{2150E333-8FDC-42A3-9474-1A3956D46DE8}") = "PlayersModule", "PlayersModule", "{5B9A1E84-602D-4812-A3EC-3DCA22AFE95C}"
EndProject
Project("{FAE04EC0-301F-11D3-BF4B-00C04F79EFBC}") = "Game.Players", "Game.Players\Game.Players.csproj", "{F9C5B768-E930-4E5C-AEB8-B4988582056D}"
EndProject
Project("{2150E333-8FDC-42A3-9474-1A3956D46DE8}") = "CombatModule", "CombatModule", "{E96340FA-AD25-431F-B35C-755D51FBD1A2}"
EndProject
Project("{FAE04EC0-301F-11D3-BF4B-00C04F79EFBC}") = "Game.Combat", "Game.Combat\Game.Combat.csproj", "{4F08B990-3EA8-453C-8F65-AC3853573A64}"
EndProject
Project("{2150E333-8FDC-42A3-9474-1A3956D46DE8}") = "MonstersModule", "MonstersModule", "{7C40D80A-F6BD-4484-AF12-E2C8E57413ED}"
EndProject
Project("{FAE04EC0-301F-11D3-BF4B-00C04F79EFBC}") = "Game.Monsters", "Game.Monsters\Game.Monsters.csproj", "{074A02E7-F189-4C04-8FD2-CFFF6C7ED04D}"
EndProject
Project("{FAE04EC0-301F-11D3-BF4B-00C04F79EFBC}") = "Game.Monsters.Contracts", "Game.Monsters.Contracts\Game.Monsters.Contracts.csproj", "{35D85B3D-0DFD-4969-BB3B-E9637478CBEC}"
EndProject
Project("{FAE04EC0-301F-11D3-BF4B-00C04F79EFBC}") = "Game.Users.Contracts", "Game.Users.Contracts\Game.Users.Contracts.csproj", "{C6AB4354-240E-491E-AE6B-4263EC908E89}"
EndProject
Global
	GlobalSection(SolutionConfigurationPlatforms) = preSolution
		Debug|Any CPU = Debug|Any CPU
		Release|Any CPU = Release|Any CPU
	EndGlobalSection
	GlobalSection(ProjectConfigurationPlatforms) = postSolution
		{3B6F95CE-DE36-407A-84A5-B6E1531E7B73}.Debug|Any CPU.ActiveCfg = Debug|Any CPU
		{3B6F95CE-DE36-407A-84A5-B6E1531E7B73}.Debug|Any CPU.Build.0 = Debug|Any CPU
		{3B6F95CE-DE36-407A-84A5-B6E1531E7B73}.Release|Any CPU.ActiveCfg = Release|Any CPU
		{3B6F95CE-DE36-407A-84A5-B6E1531E7B73}.Release|Any CPU.Build.0 = Release|Any CPU
		{676950C0-B5D7-461B-9F77-DE10F4FD6523}.Debug|Any CPU.ActiveCfg = Debug|Any CPU
		{676950C0-B5D7-461B-9F77-DE10F4FD6523}.Debug|Any CPU.Build.0 = Debug|Any CPU
		{676950C0-B5D7-461B-9F77-DE10F4FD6523}.Release|Any CPU.ActiveCfg = Release|Any CPU
		{676950C0-B5D7-461B-9F77-DE10F4FD6523}.Release|Any CPU.Build.0 = Release|Any CPU
		{F9C5B768-E930-4E5C-AEB8-B4988582056D}.Debug|Any CPU.ActiveCfg = Debug|Any CPU
		{F9C5B768-E930-4E5C-AEB8-B4988582056D}.Debug|Any CPU.Build.0 = Debug|Any CPU
		{F9C5B768-E930-4E5C-AEB8-B4988582056D}.Release|Any CPU.ActiveCfg = Release|Any CPU
		{F9C5B768-E930-4E5C-AEB8-B4988582056D}.Release|Any CPU.Build.0 = Release|Any CPU
		{4F08B990-3EA8-453C-8F65-AC3853573A64}.Debug|Any CPU.ActiveCfg = Debug|Any CPU
		{4F08B990-3EA8-453C-8F65-AC3853573A64}.Debug|Any CPU.Build.0 = Debug|Any CPU
		{4F08B990-3EA8-453C-8F65-AC3853573A64}.Release|Any CPU.ActiveCfg = Release|Any CPU
		{4F08B990-3EA8-453C-8F65-AC3853573A64}.Release|Any CPU.Build.0 = Release|Any CPU
		{074A02E7-F189-4C04-8FD2-CFFF6C7ED04D}.Debug|Any CPU.ActiveCfg = Debug|Any CPU
		{074A02E7-F189-4C04-8FD2-CFFF6C7ED04D}.Debug|Any CPU.Build.0 = Debug|Any CPU
		{074A02E7-F189-4C04-8FD2-CFFF6C7ED04D}.Release|Any CPU.ActiveCfg = Release|Any CPU
		{074A02E7-F189-4C04-8FD2-CFFF6C7ED04D}.Release|Any CPU.Build.0 = Release|Any CPU
		{35D85B3D-0DFD-4969-BB3B-E9637478CBEC}.Debug|Any CPU.ActiveCfg = Debug|Any CPU
		{35D85B3D-0DFD-4969-BB3B-E9637478CBEC}.Debug|Any CPU.Build.0 = Debug|Any CPU
		{35D85B3D-0DFD-4969-BB3B-E9637478CBEC}.Release|Any CPU.ActiveCfg = Release|Any CPU
		{35D85B3D-0DFD-4969-BB3B-E9637478CBEC}.Release|Any CPU.Build.0 = Release|Any CPU
		{C6AB4354-240E-491E-AE6B-4263EC908E89}.Debug|Any CPU.ActiveCfg = Debug|Any CPU
		{C6AB4354-240E-491E-AE6B-4263EC908E89}.Debug|Any CPU.Build.0 = Debug|Any CPU
		{C6AB4354-240E-491E-AE6B-4263EC908E89}.Release|Any CPU.ActiveCfg = Release|Any CPU
		{C6AB4354-240E-491E-AE6B-4263EC908E89}.Release|Any CPU.Build.0 = Release|Any CPU
	EndGlobalSection
	GlobalSection(NestedProjects) = preSolution
		{676950C0-B5D7-461B-9F77-DE10F4FD6523} = {9351A4EA-4593-4291-A559-D1FE371306F5}
		{F9C5B768-E930-4E5C-AEB8-B4988582056D} = {5B9A1E84-602D-4812-A3EC-3DCA22AFE95C}
		{4F08B990-3EA8-453C-8F65-AC3853573A64} = {E96340FA-AD25-431F-B35C-755D51FBD1A2}
		{074A02E7-F189-4C04-8FD2-CFFF6C7ED04D} = {7C40D80A-F6BD-4484-AF12-E2C8E57413ED}
		{35D85B3D-0DFD-4969-BB3B-E9637478CBEC} = {7C40D80A-F6BD-4484-AF12-E2C8E57413ED}
		{C6AB4354-240E-491E-AE6B-4263EC908E89} = {9351A4EA-4593-4291-A559-D1FE371306F5}
	EndGlobalSection
EndGlobal
